
Microsoft Visual Studio Solution File, Format Version 12.00
# Visual Studio Version 16
VisualStudioVersion = 16.0.28803.202
MinimumVisualStudioVersion = 10.0.40219.1
Project("{FAE04EC0-301F-11D3-BF4B-00C04F79EFBC}") = "EasyQuiz", "EasyQuiz\EasyQuiz.csproj", "{613161EE-5728-4ADA-ABA9-135FCC8AD2CF}"
EndProject
Project("{FAE04EC0-301F-11D3-BF4B-00C04F79EFBC}") = "EasyQuizTests", "EasyQuizTests\EasyQuizTests.csproj", "{DAA2577D-6911-4584-A75D-7978A02FDEF3}"
EndProject
Global
	GlobalSection(SolutionConfigurationPlatforms) = preSolution
		Debug|Any CPU = Debug|Any CPU
		Release|Any CPU = Release|Any CPU
	EndGlobalSection
	GlobalSection(ProjectConfigurationPlatforms) = postSolution
		{613161EE-5728-4ADA-ABA9-135FCC8AD2CF}.Debug|Any CPU.ActiveCfg = Debug|Any CPU
		{613161EE-5728-4ADA-ABA9-135FCC8AD2CF}.Debug|Any CPU.Build.0 = Debug|Any CPU
		{613161EE-5728-4ADA-ABA9-135FCC8AD2CF}.Release|Any CPU.ActiveCfg = Release|Any CPU
		{613161EE-5728-4ADA-ABA9-135FCC8AD2CF}.Release|Any CPU.Build.0 = Release|Any CPU
		{DAA2577D-6911-4584-A75D-7978A02FDEF3}.Debug|Any CPU.ActiveCfg = Debug|Any CPU
		{DAA2577D-6911-4584-A75D-7978A02FDEF3}.Debug|Any CPU.Build.0 = Debug|Any CPU
		{DAA2577D-6911-4584-A75D-7978A02FDEF3}.Release|Any CPU.ActiveCfg = Release|Any CPU
		{DAA2577D-6911-4584-A75D-7978A02FDEF3}.Release|Any CPU.Build.0 = Release|Any CPU
	EndGlobalSection
	GlobalSection(SolutionProperties) = preSolution
		HideSolutionNode = FALSE
	EndGlobalSection
	GlobalSection(ExtensibilityGlobals) = postSolution
		SolutionGuid = {D9670D18-7312-4629-B086-C4E7599323C1}
	EndGlobalSection
EndGlobal
